
Microsoft Visual Studio Solution File, Format Version 12.00
# Visual Studio Version 16
VisualStudioVersion = 16.0.31424.327
MinimumVisualStudioVersion = 10.0.40219.1
Project("{2150E333-8FDC-42A3-9474-1A3956D46DE8}") = "Solution Items", "Solution Items", "{BB1AEC58-5922-4D4F-A388-15AFB716767B}"
	ProjectSection(SolutionItems) = preProject
		.editorconfig = .editorconfig
		.gitignore = .gitignore
		CONTRIBUTING.md = CONTRIBUTING.md
		GitVersion.yml = GitVersion.yml
		LICENSE = LICENSE
		README.md = README.md
	EndProjectSection
EndProject
Project("{2150E333-8FDC-42A3-9474-1A3956D46DE8}") = "src", "src", "{F2B61B25-0B96-4C51-8B5C-9741BE849B76}"
EndProject
Project("{9A19103F-16F7-4668-BE54-9A1E7A4F7556}") = "Blazor.Node.Build", "src\Blazor.Node.Build\Blazor.Node.Build.csproj", "{41A3BECD-E955-424E-A3C3-7EF4D200C140}"
EndProject
Project("{9A19103F-16F7-4668-BE54-9A1E7A4F7556}") = "Blazor.Node", "src\Blazor.Node\Blazor.Node.csproj", "{D3A6279A-2CF2-45A4-9A4E-608369B3CB81}"
EndProject
Project("{9092AA53-FB77-4645-B42D-1CCCA6BD08BD}") = "BlazorNodeRunner", "src\BlazorNodeRunner\BlazorNodeRunner.njsproj", "{2FD2F372-B7EA-4C21-91BE-E98710C51937}"
EndProject
Project("{2150E333-8FDC-42A3-9474-1A3956D46DE8}") = "template", "template", "{8786AF4D-6B80-4960-949A-9D003B7019F7}"
EndProject
Project("{FAE04EC0-301F-11D3-BF4B-00C04F79EFBC}") = "Blazor.Node.Template", "src\Blazor.Node.Template\Blazor.Node.Template.csproj", "{C4DA15DB-2916-4426-A0D5-80D3AD4D07A9}"
EndProject
Project("{2150E333-8FDC-42A3-9474-1A3956D46DE8}") = "workflows", "workflows", "{0A9D0861-ACAB-481E-8B70-5119447BEA8E}"
	ProjectSection(SolutionItems) = preProject
		.github\workflows\Blazor.Node-Build.yml = .github\workflows\Blazor.Node-Build.yml
		.github\workflows\Blazor.Node-Release.yml = .github\workflows\Blazor.Node-Release.yml
	EndProjectSection
EndProject
Project("{9A19103F-16F7-4668-BE54-9A1E7A4F7556}") = "HelloBlazorNode", "src\Blazor.Node.Template\HelloBlazorNode\HelloBlazorNode.csproj", "{27B30604-0ADC-46B5-87A9-B5C2FB498AB5}"
EndProject
Project("{2150E333-8FDC-42A3-9474-1A3956D46DE8}") = "Icon", "Icon", "{D0CA00B9-B85B-45BC-AD4A-FAE79E5AFF00}"
	ProjectSection(SolutionItems) = preProject
		src\Icon\Icon.png = src\Icon\Icon.png
		src\Icon\Icon.svg = src\Icon\Icon.svg
	EndProjectSection
EndProject
Global
	GlobalSection(SolutionConfigurationPlatforms) = preSolution
		Debug|Any CPU = Debug|Any CPU
		Release|Any CPU = Release|Any CPU
	EndGlobalSection
	GlobalSection(ProjectConfigurationPlatforms) = postSolution
		{41A3BECD-E955-424E-A3C3-7EF4D200C140}.Debug|Any CPU.ActiveCfg = Debug|Any CPU
		{41A3BECD-E955-424E-A3C3-7EF4D200C140}.Debug|Any CPU.Build.0 = Debug|Any CPU
		{41A3BECD-E955-424E-A3C3-7EF4D200C140}.Release|Any CPU.ActiveCfg = Release|Any CPU
		{41A3BECD-E955-424E-A3C3-7EF4D200C140}.Release|Any CPU.Build.0 = Release|Any CPU
		{D3A6279A-2CF2-45A4-9A4E-608369B3CB81}.Debug|Any CPU.ActiveCfg = Debug|Any CPU
		{D3A6279A-2CF2-45A4-9A4E-608369B3CB81}.Debug|Any CPU.Build.0 = Debug|Any CPU
		{D3A6279A-2CF2-45A4-9A4E-608369B3CB81}.Release|Any CPU.ActiveCfg = Release|Any CPU
		{D3A6279A-2CF2-45A4-9A4E-608369B3CB81}.Release|Any CPU.Build.0 = Release|Any CPU
		{2FD2F372-B7EA-4C21-91BE-E98710C51937}.Debug|Any CPU.ActiveCfg = Debug|Any CPU
		{2FD2F372-B7EA-4C21-91BE-E98710C51937}.Release|Any CPU.ActiveCfg = Release|Any CPU
		{C4DA15DB-2916-4426-A0D5-80D3AD4D07A9}.Debug|Any CPU.ActiveCfg = Debug|Any CPU
		{C4DA15DB-2916-4426-A0D5-80D3AD4D07A9}.Debug|Any CPU.Build.0 = Debug|Any CPU
		{C4DA15DB-2916-4426-A0D5-80D3AD4D07A9}.Release|Any CPU.ActiveCfg = Release|Any CPU
		{C4DA15DB-2916-4426-A0D5-80D3AD4D07A9}.Release|Any CPU.Build.0 = Release|Any CPU
		{27B30604-0ADC-46B5-87A9-B5C2FB498AB5}.Debug|Any CPU.ActiveCfg = Debug|Any CPU
		{27B30604-0ADC-46B5-87A9-B5C2FB498AB5}.Release|Any CPU.ActiveCfg = Release|Any CPU
	EndGlobalSection
	GlobalSection(SolutionProperties) = preSolution
		HideSolutionNode = FALSE
	EndGlobalSection
	GlobalSection(NestedProjects) = preSolution
		{41A3BECD-E955-424E-A3C3-7EF4D200C140} = {F2B61B25-0B96-4C51-8B5C-9741BE849B76}
		{D3A6279A-2CF2-45A4-9A4E-608369B3CB81} = {F2B61B25-0B96-4C51-8B5C-9741BE849B76}
		{2FD2F372-B7EA-4C21-91BE-E98710C51937} = {F2B61B25-0B96-4C51-8B5C-9741BE849B76}
		{C4DA15DB-2916-4426-A0D5-80D3AD4D07A9} = {8786AF4D-6B80-4960-949A-9D003B7019F7}
		{27B30604-0ADC-46B5-87A9-B5C2FB498AB5} = {8786AF4D-6B80-4960-949A-9D003B7019F7}
		{D0CA00B9-B85B-45BC-AD4A-FAE79E5AFF00} = {F2B61B25-0B96-4C51-8B5C-9741BE849B76}
	EndGlobalSection
	GlobalSection(ExtensibilityGlobals) = postSolution
		SolutionGuid = {1623AC53-3D99-4A1E-8AD6-0DBE2BCBAA66}
	EndGlobalSection
EndGlobal
